
Microsoft Visual Studio Solution File, Format Version 12.00
# Visual Studio 15
VisualStudioVersion = 15.0.28307.1022
MinimumVisualStudioVersion = 10.0.40219.1
Project("{8BC9CEB8-8B4A-11D0-8D11-00A0C91BC942}") = "3.20exercise2", "3.20exercise2\3.20exercise2.vcxproj", "{D38D102F-B665-496E-BB91-E7FBE7DAE8EE}"
EndProject
Global
	GlobalSection(SolutionConfigurationPlatforms) = preSolution
		Debug|x64 = Debug|x64
		Debug|x86 = Debug|x86
		Release|x64 = Release|x64
		Release|x86 = Release|x86
	EndGlobalSection
	GlobalSection(ProjectConfigurationPlatforms) = postSolution
		{D38D102F-B665-496E-BB91-E7FBE7DAE8EE}.Debug|x64.ActiveCfg = Debug|x64
		{D38D102F-B665-496E-BB91-E7FBE7DAE8EE}.Debug|x64.Build.0 = Debug|x64
		{D38D102F-B665-496E-BB91-E7FBE7DAE8EE}.Debug|x86.ActiveCfg = Debug|Win32
		{D38D102F-B665-496E-BB91-E7FBE7DAE8EE}.Debug|x86.Build.0 = Debug|Win32
		{D38D102F-B665-496E-BB91-E7FBE7DAE8EE}.Release|x64.ActiveCfg = Release|x64
		{D38D102F-B665-496E-BB91-E7FBE7DAE8EE}.Release|x64.Build.0 = Release|x64
		{D38D102F-B665-496E-BB91-E7FBE7DAE8EE}.Release|x86.ActiveCfg = Release|Win32
		{D38D102F-B665-496E-BB91-E7FBE7DAE8EE}.Release|x86.Build.0 = Release|Win32
	EndGlobalSection
	GlobalSection(SolutionProperties) = preSolution
		HideSolutionNode = FALSE
	EndGlobalSection
	GlobalSection(ExtensibilityGlobals) = postSolution
		SolutionGuid = {D2F13FAC-6B03-4BEC-858F-E58B18F23E22}
	EndGlobalSection
EndGlobal
